
Microsoft Visual Studio Solution File, Format Version 12.00
# Visual Studio Version 17
VisualStudioVersion = 17.10.35027.167
MinimumVisualStudioVersion = 10.0.40219.1
Project("{FAE04EC0-301F-11D3-BF4B-00C04F79EFBC}") = "template", "template\template.csproj", "{7FA765BA-D13D-443F-AA77-86CFB0E7A83F}"
EndProject
Global
	GlobalSection(SolutionConfigurationPlatforms) = preSolution
		Debug|Any CPU = Debug|Any CPU
		Release|Any CPU = Release|Any CPU
	EndGlobalSection
	GlobalSection(ProjectConfigurationPlatforms) = postSolution
		{7FA765BA-D13D-443F-AA77-86CFB0E7A83F}.Debug|Any CPU.ActiveCfg = Debug|Any CPU
		{7FA765BA-D13D-443F-AA77-86CFB0E7A83F}.Debug|Any CPU.Build.0 = Debug|Any CPU
		{7FA765BA-D13D-443F-AA77-86CFB0E7A83F}.Release|Any CPU.ActiveCfg = Release|Any CPU
		{7FA765BA-D13D-443F-AA77-86CFB0E7A83F}.Release|Any CPU.Build.0 = Release|Any CPU
	EndGlobalSection
	GlobalSection(SolutionProperties) = preSolution
		HideSolutionNode = FALSE
	EndGlobalSection
	GlobalSection(ExtensibilityGlobals) = postSolution
		SolutionGuid = {8D283A73-53EB-49C4-8AD4-6F1BC75A802D}
	EndGlobalSection
EndGlobal
